
Microsoft Visual Studio Solution File, Format Version 12.00
# Visual Studio Version 17
VisualStudioVersion = 17.11.35327.3
MinimumVisualStudioVersion = 10.0.40219.1
Project("{FAE04EC0-301F-11D3-BF4B-00C04F79EFBC}") = "Collections", "Collections.csproj", "{D71BA74F-802F-4C23-B54B-091960BAE0AB}"
EndProject
Global
	GlobalSection(SolutionConfigurationPlatforms) = preSolution
		Debug|Any CPU = Debug|Any CPU
		Release|Any CPU = Release|Any CPU
	EndGlobalSection
	GlobalSection(ProjectConfigurationPlatforms) = postSolution
		{D71BA74F-802F-4C23-B54B-091960BAE0AB}.Debug|Any CPU.ActiveCfg = Debug|Any CPU
		{D71BA74F-802F-4C23-B54B-091960BAE0AB}.Debug|Any CPU.Build.0 = Debug|Any CPU
		{D71BA74F-802F-4C23-B54B-091960BAE0AB}.Release|Any CPU.ActiveCfg = Release|Any CPU
		{D71BA74F-802F-4C23-B54B-091960BAE0AB}.Release|Any CPU.Build.0 = Release|Any CPU
	EndGlobalSection
	GlobalSection(SolutionProperties) = preSolution
		HideSolutionNode = FALSE
	EndGlobalSection
	GlobalSection(ExtensibilityGlobals) = postSolution
		SolutionGuid = {4CFFC29E-09A2-4CD6-B68B-0E9BDD0DF527}
	EndGlobalSection
EndGlobal
